lockfileVersion: 5.4

specifiers:
  '@user.tax/sdk': ^0.0.44
  radix-64: ^1.0.4

devDependencies:
  '@user.tax/sdk': 0.0.44
  radix-64: 1.0.4

packages:

  /@msgpackr-extract/msgpackr-extract-darwin-arm64/3.0.0:
    resolution: {integrity: sha512-5qpnNHUyyEj9H3sm/4Um/bnx1lrQGhe8iqry/1d+cQYCRd/gzYA0YLeq0ezlk4hKx4vO+dsEsNyeowqRqslwQA==}
    cpu: [arm64]
    os: [darwin]
    requiresBuild: true
    dev: true
    optional: true

  /@msgpackr-extract/msgpackr-extract-darwin-x64/3.0.0:
    resolution: {integrity: sha512-ZphTFFd6SFweNAMKD+QJCrWpgkjf4qBuHltiMkKkD6FFrB3NOTRVmetAGTkJ57pa+s6J0yCH06LujWB9rZe94g==}
    cpu: [x64]
    os: [darwin]
    requiresBuild: true
    dev: true
    optional: true

  /@msgpackr-extract/msgpackr-extract-linux-arm/3.0.0:
    resolution: {integrity: sha512-ztKVV1dO/sSZyGse0PBCq3Pk1PkYjsA/dsEWE7lfrGoAK3i9HpS2o7XjGQ7V4va6nX+xPPOiuYpQwa4Bi6vlww==}
    cpu: [arm]
    os: [linux]
    requiresBuild: true
    dev: true
    optional: true

  /@msgpackr-extract/msgpackr-extract-linux-arm64/3.0.0:
    resolution: {integrity: sha512-NEX6hdSvP4BmVyegaIbrGxvHzHvTzzsPaxXCsUt0mbLbPpEftsvNwaEVKOowXnLoeuGeD4MaqSwL3BUK2elsUA==}
    cpu: [arm64]
    os: [linux]
    requiresBuild: true
    dev: true
    optional: true

  /@msgpackr-extract/msgpackr-extract-linux-x64/3.0.0:
    resolution: {integrity: sha512-9uvdAkZMOPCY7SPRxZLW8XGqBOVNVEhqlgffenN8shA1XR9FWVsSM13nr/oHtNgXg6iVyML7RwWPyqUeThlwxg==}
    cpu: [x64]
    os: [linux]
    requiresBuild: true
    dev: true
    optional: true

  /@msgpackr-extract/msgpackr-extract-win32-x64/3.0.0:
    resolution: {integrity: sha512-Wg0+9615kHKlr9iLVcG5I+/CHnf6w3x5UADRv8Ad16yA0Bu5l9eVOROjV7aHPG6uC8ZPFIVVaoSjDChD+Y0pzg==}
    cpu: [x64]
    os: [win32]
    requiresBuild: true
    dev: true
    optional: true

  /@u7/sleep/0.0.3:
    resolution: {integrity: sha512-oPURSbxdxR26Zz5YCTczmQxPrz9h0VNvtZQixLb9wCaCbwidA0odrx7eyz10gihYXdjNheHfXCwbIdr6qwxPHA==}
    dev: true

  /@user.tax/sdk/0.0.44:
    resolution: {integrity: sha512-gGWq+eI3l8Ll3w86REOrEqCNPPMzRlNtKSTHH5zEI8QX55oq4yebyrdO2ZDKcpkvtLXcaqQeD5Nu5ypxHuT80A==}
    dependencies:
      '@u7/sleep': 0.0.3
      msgpackr: 1.8.3
    dev: true

  /msgpackr-extract/3.0.0:
    resolution: {integrity: sha512-oy6KCk1+X4Bn5m6Ycq5N1EWl9npqG/cLrE8ga8NX7ZqfqYUUBS08beCQaGq80fjbKBySur0E6x//yZjzNJDt3A==}
    hasBin: true
    requiresBuild: true
    dependencies:
      node-gyp-build-optional-packages: 5.0.7
    optionalDependencies:
      '@msgpackr-extract/msgpackr-extract-darwin-arm64': 3.0.0
      '@msgpackr-extract/msgpackr-extract-darwin-x64': 3.0.0
      '@msgpackr-extract/msgpackr-extract-linux-arm': 3.0.0
      '@msgpackr-extract/msgpackr-extract-linux-arm64': 3.0.0
      '@msgpackr-extract/msgpackr-extract-linux-x64': 3.0.0
      '@msgpackr-extract/msgpackr-extract-win32-x64': 3.0.0
    dev: true
    optional: true

  /msgpackr/1.8.3:
    resolution: {integrity: sha512-m2JefwcKNzoHYXkH/5jzHRxAw7XLWsAdvu0FOJ+OLwwozwOV/J6UA62iLkfIMbg7G8+dIuRwgg6oz+QoQ4YkoA==}
    optionalDependencies:
      msgpackr-extract: 3.0.0
    dev: true

  /node-gyp-build-optional-packages/5.0.7:
    resolution: {integrity: sha512-YlCCc6Wffkx0kHkmam79GKvDQ6x+QZkMjFGrIMxgFNILFvGSbCp2fCBC55pGTT9gVaz8Na5CLmxt/urtzRv36w==}
    hasBin: true
    dev: true
    optional: true

  /radix-64/1.0.4:
    resolution: {integrity: sha512-447m6sLQW4YujrRRSGi1S3CgRwovxuy3cPstNhb1X/J/h8BivPDWVFcizhwzYWrVM578lvEeiFXisZX0sRC7uA==}
    dev: true
