lockfileVersion: 5.4

specifiers:
  '@w5/sdk': ^0.0.1
  radix-64: ^1.0.4

devDependencies:
  '@w5/sdk': 0.0.1
  radix-64: 1.0.4

packages:

  /@w5/sdk/0.0.1:
    resolution: {integrity: sha512-Av14zmzDAV3mymz/veITDwK6xBurdKMO9Wh6TTiNPct9C7+2abI0ZH/w4cXUEpM98eq2wxaX8oZ7IUCZMIdrbg==}
    dev: true

  /radix-64/1.0.4:
    resolution: {integrity: sha512-447m6sLQW4YujrRRSGi1S3CgRwovxuy3cPstNhb1X/J/h8BivPDWVFcizhwzYWrVM578lvEeiFXisZX0sRC7uA==}
    dev: true
